
Microsoft Visual Studio Solution File, Format Version 12.00
# Visual Studio Version 16
VisualStudioVersion = 16.0.30711.63
MinimumVisualStudioVersion = 10.0.40219.1
Project("{FAE04EC0-301F-11D3-BF4B-00C04F79EFBC}") = "ConsoleApp1", "ConsoleApp1\ConsoleApp1.csproj", "{BFBF95EF-CD31-42B6-B89C-E4E07BE47692}"
EndProject
Global
	GlobalSection(SolutionConfigurationPlatforms) = preSolution
		Debug|Any CPU = Debug|Any CPU
		Release|Any CPU = Release|Any CPU
	EndGlobalSection
	GlobalSection(ProjectConfigurationPlatforms) = postSolution
		{BFBF95EF-CD31-42B6-B89C-E4E07BE47692}.Debug|Any CPU.ActiveCfg = Debug|Any CPU
		{BFBF95EF-CD31-42B6-B89C-E4E07BE47692}.Debug|Any CPU.Build.0 = Debug|Any CPU
		{BFBF95EF-CD31-42B6-B89C-E4E07BE47692}.Release|Any CPU.ActiveCfg = Release|Any CPU
		{BFBF95EF-CD31-42B6-B89C-E4E07BE47692}.Release|Any CPU.Build.0 = Release|Any CPU
	EndGlobalSection
	GlobalSection(SolutionProperties) = preSolution
		HideSolutionNode = FALSE
	EndGlobalSection
	GlobalSection(ExtensibilityGlobals) = postSolution
		SolutionGuid = {26259C9F-C41C-460D-9F84-945B079088FF}
	EndGlobalSection
EndGlobal
